lockfileVersion: '9.0'

settings:
  autoInstallPeers: true
  excludeLinksFromLockfile: false

importers:

  .:
    dependencies:
      '@angular/common':
        specifier: ^17.3.6
        version: 17.3.11(@angular/core@17.3.11(rxjs@7.8.1)(zone.js@0.14.4))(rxjs@7.8.1)
      '@angular/core':
        specifier: ^17.3.6
        version: 17.3.11(rxjs@7.8.1)(zone.js@0.14.4)
      perfect-scrollbar:
        specifier: 1.5.5
        version: 1.5.5
      resize-observer-polyfill:
        specifier: ^1.5.1
        version: 1.5.1

packages:

  '@angular/common@17.3.11':
    resolution: {integrity: sha512-WG+HQjUaQziYLGdbcv2aW+G73uroN5VF9yk4qWYcolW+VB8SV/DOAol8uFVgCF21cIOl5+wfJZvA4r5oG3dYaw==}
    engines: {node: ^18.13.0 || >=20.9.0}
    peerDependencies:
      '@angular/core': 17.3.11
      rxjs: ^6.5.3 || ^7.4.0

  '@angular/core@17.3.11':
    resolution: {integrity: sha512-2wPZwXFei3kVxK2ylIH6CdGebrC4kvooFx7qoX+250OITAEFMODJGdh/e3x0DpFUjlRvQtIFQ+YpQlfC5JnL4g==}
    engines: {node: ^18.13.0 || >=20.9.0}
    peerDependencies:
      rxjs: ^6.5.3 || ^7.4.0
      zone.js: ~0.14.0

  perfect-scrollbar@1.5.5:
    resolution: {integrity: sha512-dzalfutyP3e/FOpdlhVryN4AJ5XDVauVWxybSkLZmakFE2sS3y3pc4JnSprw8tGmHvkaG5Edr5T7LBTZ+WWU2g==}

  resize-observer-polyfill@1.5.1:
    resolution: {integrity: sha512-LwZrotdHOo12nQuZlHEmtuXdqGoOD0OhaxopaNFxWzInpEgaLWoVuAMbTzixuosCx2nEG58ngzW3vxdWoxIgdg==}

  rxjs@7.8.1:
    resolution: {integrity: sha512-AA3TVj+0A2iuIoQkWEK/tqFjBq2j+6PO6Y0zJcvzLAFhEFIO3HL0vls9hWLncZbAAbK0mar7oZ4V079I/qPMxg==}

  tslib@2.6.3:
    resolution: {integrity: sha512-xNvxJEOUiWPGhUuUdQgAJPKOOJfGnIyKySOc09XkKsgdUV/3E2zvwZYdejjmRgPCgcym1juLH3226yA7sEFJKQ==}

  zone.js@0.14.4:
    resolution: {integrity: sha512-NtTUvIlNELez7Q1DzKVIFZBzNb646boQMgpATo9z3Ftuu/gWvzxCW7jdjcUDoRGxRikrhVHB/zLXh1hxeJawvw==}

snapshots:

  '@angular/common@17.3.11(@angular/core@17.3.11(rxjs@7.8.1)(zone.js@0.14.4))(rxjs@7.8.1)':
    dependencies:
      '@angular/core': 17.3.11(rxjs@7.8.1)(zone.js@0.14.4)
      rxjs: 7.8.1
      tslib: 2.6.3

  '@angular/core@17.3.11(rxjs@7.8.1)(zone.js@0.14.4)':
    dependencies:
      rxjs: 7.8.1
      tslib: 2.6.3
      zone.js: 0.14.4

  perfect-scrollbar@1.5.5: {}

  resize-observer-polyfill@1.5.1: {}

  rxjs@7.8.1:
    dependencies:
      tslib: 2.6.3

  tslib@2.6.3: {}

  zone.js@0.14.4:
    dependencies:
      tslib: 2.6.3
