lockfileVersion: '9.0'

settings:
  autoInstallPeers: true
  excludeLinksFromLockfile: false

importers:

  .:
    dependencies:
      '@angular/common':
        specifier: ^19.0.1
        version: 19.0.1(@angular/core@19.0.1(rxjs@7.8.1)(zone.js@0.15.0))(rxjs@7.8.1)
      '@angular/core':
        specifier: ^19.0.1
        version: 19.0.1(rxjs@7.8.1)(zone.js@0.15.0)
      perfect-scrollbar:
        specifier: 1.5.6
        version: 1.5.6
      resize-observer-polyfill:
        specifier: ^1.5.1
        version: 1.5.1

packages:

  '@angular/common@19.0.1':
    resolution: {integrity: sha512-FWAyHlEhPeLHvNLuzSl2rlksK/fVVB5O3soBYOeiKScN1vlAdALbwPDIHhimhNFBV8kmtc144WjkcTxt8MK/4g==}
    engines: {node: ^18.19.1 || ^20.11.1 || >=22.0.0}
    peerDependencies:
      '@angular/core': 19.0.1
      rxjs: ^6.5.3 || ^7.4.0

  '@angular/core@19.0.1':
    resolution: {integrity: sha512-+VpWcg2aC/dY9TM6fsj00enZ6RP5wpRqk/SeRe3UP3Je/n+vWIgHJTb1ZLNeOIvDaE86BhKPMwFS0QVjoEGQFA==}
    engines: {node: ^18.19.1 || ^20.11.1 || >=22.0.0}
    peerDependencies:
      rxjs: ^6.5.3 || ^7.4.0
      zone.js: ~0.15.0

  perfect-scrollbar@1.5.6:
    resolution: {integrity: sha512-rixgxw3SxyJbCaSpo1n35A/fwI1r2rdwMKOTCg/AcG+xOEyZcE8UHVjpZMFCVImzsFoCZeJTT+M/rdEIQYO2nw==}

  resize-observer-polyfill@1.5.1:
    resolution: {integrity: sha512-LwZrotdHOo12nQuZlHEmtuXdqGoOD0OhaxopaNFxWzInpEgaLWoVuAMbTzixuosCx2nEG58ngzW3vxdWoxIgdg==}

  rxjs@7.8.1:
    resolution: {integrity: sha512-AA3TVj+0A2iuIoQkWEK/tqFjBq2j+6PO6Y0zJcvzLAFhEFIO3HL0vls9hWLncZbAAbK0mar7oZ4V079I/qPMxg==}

  tslib@2.8.1:
    resolution: {integrity: sha512-oJFu94HQb+KVduSUQL7wnpmqnfmLsOA/nAh6b6EH0wCEoK0/mPeXU6c3wKDV83MkOuHPRHtSXKKU99IBazS/2w==}

  zone.js@0.15.0:
    resolution: {integrity: sha512-9oxn0IIjbCZkJ67L+LkhYWRyAy7axphb3VgE2MBDlOqnmHMPWGYMxJxBYFueFq/JGY2GMwS0rU+UCLunEmy5UA==}

snapshots:

  '@angular/common@19.0.1(@angular/core@19.0.1(rxjs@7.8.1)(zone.js@0.15.0))(rxjs@7.8.1)':
    dependencies:
      '@angular/core': 19.0.1(rxjs@7.8.1)(zone.js@0.15.0)
      rxjs: 7.8.1
      tslib: 2.8.1

  '@angular/core@19.0.1(rxjs@7.8.1)(zone.js@0.15.0)':
    dependencies:
      rxjs: 7.8.1
      tslib: 2.8.1
      zone.js: 0.15.0

  perfect-scrollbar@1.5.6: {}

  resize-observer-polyfill@1.5.1: {}

  rxjs@7.8.1:
    dependencies:
      tslib: 2.8.1

  tslib@2.8.1: {}

  zone.js@0.15.0: {}
